
Microsoft Visual Studio Solution File, Format Version 12.00
# Visual Studio 2017
Project("{FAE04EC0-301F-11D3-BF4B-00C04F79EFBC}") = "UnityVS.ZBattle", "UnityVS.ZBattle.csproj", "{DFB3EF92-A2DC-8D44-80D6-84CB638CE073}"
EndProject
Project("{FAE04EC0-301F-11D3-BF4B-00C04F79EFBC}") = "UnityVS.ZBattle.Editor", "UnityVS.ZBattle.Editor.csproj", "{70D8E2DF-AD2C-6CF6-62C3-B8CEF30DA7DA}"
EndProject
Global
	GlobalSection(SolutionConfigurationPlatforms) = preSolution
		Debug|Any CPU = Debug|Any CPU
		Release|Any CPU = Release|Any CPU
	EndGlobalSection
	GlobalSection(ProjectConfigurationPlatforms) = postSolution
		{DFB3EF92-A2DC-8D44-80D6-84CB638CE073}.Debug|Any CPU.ActiveCfg = Debug|Any CPU
		{DFB3EF92-A2DC-8D44-80D6-84CB638CE073}.Debug|Any CPU.Build.0 = Debug|Any CPU
		{DFB3EF92-A2DC-8D44-80D6-84CB638CE073}.Release|Any CPU.ActiveCfg = Release|Any CPU
		{DFB3EF92-A2DC-8D44-80D6-84CB638CE073}.Release|Any CPU.Build.0 = Release|Any CPU
		{70D8E2DF-AD2C-6CF6-62C3-B8CEF30DA7DA}.Debug|Any CPU.ActiveCfg = Debug|Any CPU
		{70D8E2DF-AD2C-6CF6-62C3-B8CEF30DA7DA}.Debug|Any CPU.Build.0 = Debug|Any CPU
		{70D8E2DF-AD2C-6CF6-62C3-B8CEF30DA7DA}.Release|Any CPU.ActiveCfg = Release|Any CPU
		{70D8E2DF-AD2C-6CF6-62C3-B8CEF30DA7DA}.Release|Any CPU.Build.0 = Release|Any CPU
	EndGlobalSection
	GlobalSection(SolutionProperties) = preSolution
		HideSolutionNode = FALSE
	EndGlobalSection
EndGlobal
